# This file is autogenerated, do not edit; changes may be undone by the next 'dep ensure'.


[[projects]]
  digest = "1:97df918963298c287643883209a2c3f642e6593379f97ab400c2a2e219ab647d"
  name = "github.com/golang/protobuf"
  packages = ["proto"]
  pruneopts = "UT"
  revision = "aa810b61a9c79d51363740d207bb46cf8e620ed5"
  version = "v1.2.0"

[[projects]]
  digest = "1:34011f5c46d8657dd7e4c92f4941ae88820b93027e58d24c4929d70cb51f11eb"
  name = "github.com/hyperledger/fabric"
  packages = [
    "common/attrmgr",
    "core/chaincode/lib/cid",
    "protos/msp",
  ]
  pruneopts = "UT"
  revision = "ab0a67ad7102f1281736e2c309e9a0ef91b08fd9"
  version = "v1.3.0"

[[projects]]
  branch = "master"
  digest = "1:73882e7209d49de24ddb2d2078fafc40a51c90506311ffcd678f5773b4f63fcd"
  name = "github.com/key-inside/kiesnet-ccpkg"
  packages = ["txtime"]
  pruneopts = "UT"
  revision = "44d9b0b1c031e7cfb723ae0bf143e4141b39f38a"

[[projects]]
  digest = "1:40e195917a951a8bf867cd05de2a46aaf1806c50cf92eebf4c16f78cd196f747"
  name = "github.com/pkg/errors"
  packages = ["."]
  pruneopts = "UT"
  revision = "645ef00459ed84a119197bfb8d8205042c6df63d"
  version = "v0.8.0"

[[projects]]
  branch = "master"
  digest = "1:07bed7db52308c8338e0848cde9b26ec6fdab68c6c79ab1098dc728b6a899e45"
  name = "golang.org/x/crypto"
  packages = ["sha3"]
  pruneopts = "UT"
  revision = "bc7917b19d8f099105de72dc62898400be07c984"

[solve-meta]
  analyzer-name = "dep"
  analyzer-version = 1
  input-imports = [
    "github.com/hyperledger/fabric/core/chaincode/lib/cid",
    "github.com/key-inside/kiesnet-ccpkg/txtime",
    "github.com/pkg/errors",
    "golang.org/x/crypto/sha3",
  ]
  solver-name = "gps-cdcl"
  solver-version = 1
